
Microsoft Visual Studio Solution File, Format Version 12.00
# Visual Studio Version 17
VisualStudioVersion = 17.12.35707.178 d17.12
MinimumVisualStudioVersion = 10.0.40219.1
Project("{FAE04EC0-301F-11D3-BF4B-00C04F79EFBC}") = "BlogAPI", "BlogAPI\BlogAPI.csproj", "{1F040627-96B8-49EF-88B4-6BB2C8D872C7}"
EndProject
Project("{FAE04EC0-301F-11D3-BF4B-00C04F79EFBC}") = "BusinessLogicLayer", "Models\BusinessLogicLayer.csproj", "{19EDC3A2-DD55-4087-87DC-456EE593EACE}"
EndProject
Project("{FAE04EC0-301F-11D3-BF4B-00C04F79EFBC}") = "Domain", "Domain\Domain.csproj", "{58D03EC5-8444-4EA5-A8A0-25C5645ACA26}"
EndProject
Project("{FAE04EC0-301F-11D3-BF4B-00C04F79EFBC}") = "DataAccessLayer", "DataAccessLayer\DataAccessLayer.csproj", "{C7F5A601-9AF3-4923-98DB-9D646505F032}"
EndProject
Global
	GlobalSection(SolutionConfigurationPlatforms) = preSolution
		Debug|Any CPU = Debug|Any CPU
		Release|Any CPU = Release|Any CPU
	EndGlobalSection
	GlobalSection(ProjectConfigurationPlatforms) = postSolution
		{1F040627-96B8-49EF-88B4-6BB2C8D872C7}.Debug|Any CPU.ActiveCfg = Debug|Any CPU
		{1F040627-96B8-49EF-88B4-6BB2C8D872C7}.Debug|Any CPU.Build.0 = Debug|Any CPU
		{1F040627-96B8-49EF-88B4-6BB2C8D872C7}.Release|Any CPU.ActiveCfg = Release|Any CPU
		{1F040627-96B8-49EF-88B4-6BB2C8D872C7}.Release|Any CPU.Build.0 = Release|Any CPU
		{19EDC3A2-DD55-4087-87DC-456EE593EACE}.Debug|Any CPU.ActiveCfg = Debug|Any CPU
		{19EDC3A2-DD55-4087-87DC-456EE593EACE}.Debug|Any CPU.Build.0 = Debug|Any CPU
		{19EDC3A2-DD55-4087-87DC-456EE593EACE}.Release|Any CPU.ActiveCfg = Release|Any CPU
		{19EDC3A2-DD55-4087-87DC-456EE593EACE}.Release|Any CPU.Build.0 = Release|Any CPU
		{58D03EC5-8444-4EA5-A8A0-25C5645ACA26}.Debug|Any CPU.ActiveCfg = Debug|Any CPU
		{58D03EC5-8444-4EA5-A8A0-25C5645ACA26}.Debug|Any CPU.Build.0 = Debug|Any CPU
		{58D03EC5-8444-4EA5-A8A0-25C5645ACA26}.Release|Any CPU.ActiveCfg = Release|Any CPU
		{58D03EC5-8444-4EA5-A8A0-25C5645ACA26}.Release|Any CPU.Build.0 = Release|Any CPU
		{C7F5A601-9AF3-4923-98DB-9D646505F032}.Debug|Any CPU.ActiveCfg = Debug|Any CPU
		{C7F5A601-9AF3-4923-98DB-9D646505F032}.Debug|Any CPU.Build.0 = Debug|Any CPU
		{C7F5A601-9AF3-4923-98DB-9D646505F032}.Release|Any CPU.ActiveCfg = Release|Any CPU
		{C7F5A601-9AF3-4923-98DB-9D646505F032}.Release|Any CPU.Build.0 = Release|Any CPU
	EndGlobalSection
	GlobalSection(SolutionProperties) = preSolution
		HideSolutionNode = FALSE
	EndGlobalSection
EndGlobal
